
Microsoft Visual Studio Solution File, Format Version 12.00
# Visual Studio Version 17
VisualStudioVersion = 17.10.34916.146
MinimumVisualStudioVersion = 10.0.40219.1
Project("{FAE04EC0-301F-11D3-BF4B-00C04F79EFBC}") = "GainAudioPlayer", "GainAudioPlayer\GainAudioPlayer.csproj", "{35BD2CFC-805A-41DF-90E0-8E9E4A05BD45}"
EndProject
Global
	GlobalSection(SolutionConfigurationPlatforms) = preSolution
		Debug|Any CPU = Debug|Any CPU
		Release|Any CPU = Release|Any CPU
	EndGlobalSection
	GlobalSection(ProjectConfigurationPlatforms) = postSolution
		{35BD2CFC-805A-41DF-90E0-8E9E4A05BD45}.Debug|Any CPU.ActiveCfg = Debug|Any CPU
		{35BD2CFC-805A-41DF-90E0-8E9E4A05BD45}.Debug|Any CPU.Build.0 = Debug|Any CPU
		{35BD2CFC-805A-41DF-90E0-8E9E4A05BD45}.Release|Any CPU.ActiveCfg = Release|Any CPU
		{35BD2CFC-805A-41DF-90E0-8E9E4A05BD45}.Release|Any CPU.Build.0 = Release|Any CPU
	EndGlobalSection
	GlobalSection(SolutionProperties) = preSolution
		HideSolutionNode = FALSE
	EndGlobalSection
	GlobalSection(ExtensibilityGlobals) = postSolution
		SolutionGuid = {F90CC241-DB37-466C-B911-4FFBB1A080F5}
	EndGlobalSection
EndGlobal
